
Microsoft Visual Studio Solution File, Format Version 12.00
# Visual Studio Version 17
VisualStudioVersion = 17.6.33712.159
MinimumVisualStudioVersion = 10.0.40219.1
Project("{9A19103F-16F7-4668-BE54-9A1E7A4F7556}") = "LightroomSync", "LightroomSync\LightroomSync.csproj", "{FD159443-4A90-46B8-A81A-6A80E96DBB79}"
EndProject
Global
	GlobalSection(SolutionConfigurationPlatforms) = preSolution
		Debug|Any CPU = Debug|Any CPU
		Release|Any CPU = Release|Any CPU
	EndGlobalSection
	GlobalSection(ProjectConfigurationPlatforms) = postSolution
		{FD159443-4A90-46B8-A81A-6A80E96DBB79}.Debug|Any CPU.ActiveCfg = Debug|Any CPU
		{FD159443-4A90-46B8-A81A-6A80E96DBB79}.Debug|Any CPU.Build.0 = Debug|Any CPU
		{FD159443-4A90-46B8-A81A-6A80E96DBB79}.Release|Any CPU.ActiveCfg = Release|Any CPU
		{FD159443-4A90-46B8-A81A-6A80E96DBB79}.Release|Any CPU.Build.0 = Release|Any CPU
	EndGlobalSection
	GlobalSection(SolutionProperties) = preSolution
		HideSolutionNode = FALSE
	EndGlobalSection
	GlobalSection(ExtensibilityGlobals) = postSolution
		SolutionGuid = {A7D8F432-F246-410B-B401-2A0D58410309}
	EndGlobalSection
EndGlobal
